{
  "requires": true,
  "lockfileVersion": 1,
  "dependencies": {
    "core-js": {
      "version": "3.6.5",
      "resolved": "https://registry.npmjs.org/core-js/-/core-js-3.6.5.tgz",
      "integrity": "sha512-vZVEEwZoIsI+vPEuoF9Iqf5H7/M3eeQqWlQnYa8FSKKePuYTf5MWnxb5SDAzCa60b3JBRS5g9b+Dq7b1y/RCrA=="
    },
    "eve": {
      "version": "git://github.com/adobe-webplatform/eve.git#eef80ed8d188423c2272746fb8ae5cc8dad84cb1",
      "from": "git://github.com/adobe-webplatform/eve.git#eef80ed"
    },
    "raphael": {
      "version": "git+https://github.com/nhn/raphael.git#78a6ed3ec269f33b6457b0ec66f8c3d1f2ed70e0",
      "from": "git+https://github.com/nhn/raphael.git#2.2.0-c",
      "requires": {
        "eve": "git://github.com/adobe-webplatform/eve.git#eef80ed"
      }
    },
    "tui-chart": {
      "version": "3.11.2",
      "resolved": "https://registry.npmjs.org/tui-chart/-/tui-chart-3.11.2.tgz",
      "integrity": "sha512-DUJIutBG/tOdvJnGCo1PcBhFyGBWsY8VIMdXe3WRtGXynMwOcC5cojYpULf3qFJ4Jj1Riv3/kbF6Ygmi+BpjCw==",
      "requires": {
        "core-js": "^3.6.4",
        "raphael": "git+https://github.com/nhn/raphael.git#2.2.0-c",
        "tui-code-snippet": "^2.3.1"
      }
    },
    "tui-code-snippet": {
      "version": "2.3.2",
      "resolved": "https://registry.npmjs.org/tui-code-snippet/-/tui-code-snippet-2.3.2.tgz",
      "integrity": "sha512-6jGbM/m7A2L59lJSripwMVp87awrWgJXezlLV8GuAha3s0k01E4+MndoU5WlXd4dauVRgzHhKguTVslx/jMehw=="
    }
  }
}
